
Microsoft Visual Studio Solution File, Format Version 12.00
# Visual Studio Version 16
VisualStudioVersion = 16.0.30611.23
MinimumVisualStudioVersion = 10.0.40219.1
Project("{00D1A9C2-B5F0-4AF3-8072-F6C62B433612}") = "DBHomework", "DBHomework\DBHomework.sqlproj", "{5E61EA69-E0F5-4B44-B52B-3D5B250104DE}"
EndProject
Global
	GlobalSection(SolutionConfigurationPlatforms) = preSolution
		Debug|Any CPU = Debug|Any CPU
		Release|Any CPU = Release|Any CPU
	EndGlobalSection
	GlobalSection(ProjectConfigurationPlatforms) = postSolution
		{5E61EA69-E0F5-4B44-B52B-3D5B250104DE}.Debug|Any CPU.ActiveCfg = Debug|Any CPU
		{5E61EA69-E0F5-4B44-B52B-3D5B250104DE}.Debug|Any CPU.Build.0 = Debug|Any CPU
		{5E61EA69-E0F5-4B44-B52B-3D5B250104DE}.Debug|Any CPU.Deploy.0 = Debug|Any CPU
		{5E61EA69-E0F5-4B44-B52B-3D5B250104DE}.Release|Any CPU.ActiveCfg = Release|Any CPU
		{5E61EA69-E0F5-4B44-B52B-3D5B250104DE}.Release|Any CPU.Build.0 = Release|Any CPU
		{5E61EA69-E0F5-4B44-B52B-3D5B250104DE}.Release|Any CPU.Deploy.0 = Release|Any CPU
	EndGlobalSection
	GlobalSection(SolutionProperties) = preSolution
		HideSolutionNode = FALSE
	EndGlobalSection
	GlobalSection(ExtensibilityGlobals) = postSolution
		SolutionGuid = {652AEA8E-0701-401E-8582-3FACD8339A4A}
	EndGlobalSection
EndGlobal
